// !$*UTF8*$!
{
	archiveVersion = 1;
	classes = {
	};
	objectVersion = 45;
	objects = {

/* Begin PBXBuildFile section */
		1D3623260D0F684500981E51 /* WhereBeUsAppDelegate.m in Sources */ = {isa = PBXBuildFile; fileRef = 1D3623250D0F684500981E51 /* WhereBeUsAppDelegate.m */; };
		1D60589B0D05DD56006BFB54 /* main.m in Sources */ = {isa = PBXBuildFile; fileRef = 29B97316FDCFA39411CA2CEA /* main.m */; };
		1D60589F0D05DD5A006BFB54 /* Foundation.framework in Frameworks */ = {isa = PBXBuildFile; fileRef = 1D30AB110D05D00D00671497 /* Foundation.framework */; };
		1DF5F4E00D08C38300B7A737 /* UIKit.framework in Frameworks */ = {isa = PBXBuildFile; fileRef = 1DF5F4DF0D08C38300B7A737 /* UIKit.framework */; };
		2892E4100DC94CBA00A64D0F /* CoreGraphics.framework in Frameworks */ = {isa = PBXBuildFile; fileRef = 2892E40F0DC94CBA00A64D0F /* CoreGraphics.framework */; };
		28AD73600D9D9599002E5188 /* MainWindow.xib in Resources */ = {isa = PBXBuildFile; fileRef = 28AD735F0D9D9599002E5188 /* MainWindow.xib */; };
		550721DB109B98BC0025B4FA /* WhereBeUsState.m in Sources */ = {isa = PBXBuildFile; fileRef = 550721DA109B98BC0025B4FA /* WhereBeUsState.m */; };
		550E9431109EAE0E0012CA01 /* UpdateAnnotation.m in Sources */ = {isa = PBXBuildFile; fileRef = 550E9430109EAE0E0012CA01 /* UpdateAnnotation.m */; };
		550E963110A22E360012CA01 /* NSDictionary+CleanObject.m in Sources */ = {isa = PBXBuildFile; fileRef = 550E963010A22E360012CA01 /* NSDictionary+CleanObject.m */; };
		5523366F10AA3B0300CEBB6B /* map-marker-white.png in Resources */ = {isa = PBXBuildFile; fileRef = 5523366E10AA3B0300CEBB6B /* map-marker-white.png */; };
		5553976210C350FC00126892 /* LoginViewController.xib in Resources */ = {isa = PBXBuildFile; fileRef = 5553976110C350FC00126892 /* LoginViewController.xib */; };
		5553976610C3518400126892 /* big-facebook.png in Resources */ = {isa = PBXBuildFile; fileRef = 5553976410C3518400126892 /* big-facebook.png */; };
		5553976710C3518400126892 /* big-twitter.png in Resources */ = {isa = PBXBuildFile; fileRef = 5553976510C3518400126892 /* big-twitter.png */; };
		5553976B10C3561900126892 /* LoginViewController.m in Sources */ = {isa = PBXBuildFile; fileRef = 5553976A10C3561900126892 /* LoginViewController.m */; };
		5553981910C36E1C00126892 /* LoginButtonView.m in Sources */ = {isa = PBXBuildFile; fileRef = 5553981810C36E1C00126892 /* LoginButtonView.m */; };
		557191791098F5980059E40F /* MapViewController.xib in Resources */ = {isa = PBXBuildFile; fileRef = 557191781098F5980059E40F /* MapViewController.xib */; };
		5571917D1098F5B60059E40F /* MapViewController.m in Sources */ = {isa = PBXBuildFile; fileRef = 5571917C1098F5B60059E40F /* MapViewController.m */; };
		557191CC109913490059E40F /* CoreLocation.framework in Frameworks */ = {isa = PBXBuildFile; fileRef = 557191CB109913490059E40F /* CoreLocation.framework */; };
		557191EE1099137C0059E40F /* MapKit.framework in Frameworks */ = {isa = PBXBuildFile; fileRef = 557191ED1099137C0059E40F /* MapKit.framework */; };
		557192EF109A4EAC0059E40F /* WhereBeUsWindow.m in Sources */ = {isa = PBXBuildFile; fileRef = 557192EE109A4EAC0059E40F /* WhereBeUsWindow.m */; };
		558DDCD410AA4AE400C27E66 /* bird-noselect-full.png in Resources */ = {isa = PBXBuildFile; fileRef = 558DDCD210AA4AE400C27E66 /* bird-noselect-full.png */; };
		558DDCD510AA4AE400C27E66 /* bird-selected-full.png in Resources */ = {isa = PBXBuildFile; fileRef = 558DDCD310AA4AE400C27E66 /* bird-selected-full.png */; };
		559A0B6710A3621E005921E7 /* bubble.png in Resources */ = {isa = PBXBuildFile; fileRef = 559A0B6510A3621E005921E7 /* bubble.png */; };
		559A0B6810A3621E005921E7 /* default37.png in Resources */ = {isa = PBXBuildFile; fileRef = 559A0B6610A3621E005921E7 /* default37.png */; };
		559A0B6B10A3624D005921E7 /* UpdateAnnotationView.m in Sources */ = {isa = PBXBuildFile; fileRef = 559A0B6A10A3624D005921E7 /* UpdateAnnotationView.m */; };
		559A0BD810A37B2F005921E7 /* AsyncImageCache.m in Sources */ = {isa = PBXBuildFile; fileRef = 559A0BD710A37B2F005921E7 /* AsyncImageCache.m */; };
		559A0CD110A3A6C5005921E7 /* center.png in Resources */ = {isa = PBXBuildFile; fileRef = 559A0CCD10A3A6C5005921E7 /* center.png */; };
		559A0CD210A3A6C5005921E7 /* fill.png in Resources */ = {isa = PBXBuildFile; fileRef = 559A0CCE10A3A6C5005921E7 /* fill.png */; };
		559A0CD310A3A6C5005921E7 /* left.png in Resources */ = {isa = PBXBuildFile; fileRef = 559A0CCF10A3A6C5005921E7 /* left.png */; };
		559A0CD410A3A6C5005921E7 /* right.png in Resources */ = {isa = PBXBuildFile; fileRef = 559A0CD010A3A6C5005921E7 /* right.png */; };
		55A127C91097F42600B79AB5 /* TwitterCredentialsViewController.xib in Resources */ = {isa = PBXBuildFile; fileRef = 55A127C81097F42600B79AB5 /* TwitterCredentialsViewController.xib */; };
		55A127CF1097F53200B79AB5 /* TwitterCredentialsViewController.m in Sources */ = {isa = PBXBuildFile; fileRef = 55A127CE1097F53200B79AB5 /* TwitterCredentialsViewController.m */; };
		55AC0F8B109E841200101F7F /* NSString+URLEncode.m in Sources */ = {isa = PBXBuildFile; fileRef = 55AC0F8A109E841200101F7F /* NSString+URLEncode.m */; };
		55AC0FA8109E875F00101F7F /* NSString+PostData.m in Sources */ = {isa = PBXBuildFile; fileRef = 55AC0FA7109E875F00101F7F /* NSString+PostData.m */; };
		55AC0FAF109E87DD00101F7F /* NSDictionary+PostData.m in Sources */ = {isa = PBXBuildFile; fileRef = 55AC0FAE109E87DD00101F7F /* NSDictionary+PostData.m */; };
		55AC0FEF109E8D4400101F7F /* TweetViewController.xib in Resources */ = {isa = PBXBuildFile; fileRef = 55AC0FEE109E8D4400101F7F /* TweetViewController.xib */; };
		55AC0FF3109E8D7B00101F7F /* TweetViewController.m in Sources */ = {isa = PBXBuildFile; fileRef = 55AC0FF2109E8D7B00101F7F /* TweetViewController.m */; };
		55D1CC821098190500FD9606 /* NSData+Base64Encoding.m in Sources */ = {isa = PBXBuildFile; fileRef = 55D1CC811098190500FD9606 /* NSData+Base64Encoding.m */; };
		55D1CC8510981A6F00FD9606 /* ConnectionHelper.m in Sources */ = {isa = PBXBuildFile; fileRef = 55D1CC8410981A6F00FD9606 /* ConnectionHelper.m */; };
		55D1CCC91098211A00FD9606 /* Utilities.m in Sources */ = {isa = PBXBuildFile; fileRef = 55D1CCC81098211A00FD9606 /* Utilities.m */; };
		55D919A81098046F008CB1BF /* JsonConnection.m in Sources */ = {isa = PBXBuildFile; fileRef = 55D919A51098046F008CB1BF /* JsonConnection.m */; };
		55D919A91098046F008CB1BF /* JsonResponse.m in Sources */ = {isa = PBXBuildFile; fileRef = 55D919A71098046F008CB1BF /* JsonResponse.m */; };
		55D919DD109804C7008CB1BF /* NSObject+SBJSON.m in Sources */ = {isa = PBXBuildFile; fileRef = 55D919D2109804C7008CB1BF /* NSObject+SBJSON.m */; };
		55D919DE109804C7008CB1BF /* NSString+SBJSON.m in Sources */ = {isa = PBXBuildFile; fileRef = 55D919D4109804C7008CB1BF /* NSString+SBJSON.m */; };
		55D919DF109804C7008CB1BF /* SBJSON.m in Sources */ = {isa = PBXBuildFile; fileRef = 55D919D6109804C7008CB1BF /* SBJSON.m */; };
		55D919E0109804C7008CB1BF /* SBJsonBase.m in Sources */ = {isa = PBXBuildFile; fileRef = 55D919D8109804C7008CB1BF /* SBJsonBase.m */; };
		55D919E1109804C7008CB1BF /* SBJsonParser.m in Sources */ = {isa = PBXBuildFile; fileRef = 55D919DA109804C7008CB1BF /* SBJsonParser.m */; };
		55D919E2109804C7008CB1BF /* SBJsonWriter.m in Sources */ = {isa = PBXBuildFile; fileRef = 55D919DC109804C7008CB1BF /* SBJsonWriter.m */; };
		55E77EB510C3803E00F49D91 /* FBConnect.bundle in Resources */ = {isa = PBXBuildFile; fileRef = 55E77E9F10C3803E00F49D91 /* FBConnect.bundle */; };
		55E77EB610C3803E00F49D91 /* FBConnectGlobal.m in Sources */ = {isa = PBXBuildFile; fileRef = 55E77EA210C3803E00F49D91 /* FBConnectGlobal.m */; };
		55E77EB710C3803E00F49D91 /* FBDialog.m in Sources */ = {isa = PBXBuildFile; fileRef = 55E77EA410C3803E00F49D91 /* FBDialog.m */; };
		55E77EB810C3803E00F49D91 /* FBFeedDialog.m in Sources */ = {isa = PBXBuildFile; fileRef = 55E77EA610C3803E00F49D91 /* FBFeedDialog.m */; };
		55E77EB910C3803E00F49D91 /* FBLoginButton.m in Sources */ = {isa = PBXBuildFile; fileRef = 55E77EA810C3803E00F49D91 /* FBLoginButton.m */; };
		55E77EBA10C3803E00F49D91 /* FBLoginDialog.m in Sources */ = {isa = PBXBuildFile; fileRef = 55E77EAA10C3803E00F49D91 /* FBLoginDialog.m */; };
		55E77EBB10C3803E00F49D91 /* FBPermissionDialog.m in Sources */ = {isa = PBXBuildFile; fileRef = 55E77EAC10C3803E00F49D91 /* FBPermissionDialog.m */; };
		55E77EBC10C3803E00F49D91 /* FBRequest.m in Sources */ = {isa = PBXBuildFile; fileRef = 55E77EAE10C3803E00F49D91 /* FBRequest.m */; };
		55E77EBD10C3803E00F49D91 /* FBSession.m in Sources */ = {isa = PBXBuildFile; fileRef = 55E77EB010C3803E00F49D91 /* FBSession.m */; };
		55E77EBE10C3803E00F49D91 /* FBStreamDialog.m in Sources */ = {isa = PBXBuildFile; fileRef = 55E77EB210C3803E00F49D91 /* FBStreamDialog.m */; };
		55E77EBF10C3803E00F49D91 /* FBXMLHandler.m in Sources */ = {isa = PBXBuildFile; fileRef = 55E77EB410C3803E00F49D91 /* FBXMLHandler.m */; };
/* End PBXBuildFile section */

/* Begin PBXFileReference section */
		1D30AB110D05D00D00671497 /* Foundation.framework */ = {isa = PBXFileReference; lastKnownFileType = wrapper.framework; name = Foundation.framework; path = System/Library/Frameworks/Foundation.framework; sourceTree = SDKROOT; };
		1D3623240D0F684500981E51 /* WhereBeUsAppDelegate.h */ = {isa = PBXFileReference; fileEncoding = 4; lastKnownFileType = sourcecode.c.h; path = WhereBeUsAppDelegate.h; sourceTree = "<group>"; };
		1D3623250D0F684500981E51 /* WhereBeUsAppDelegate.m */ = {isa = PBXFileReference; fileEncoding = 4; lastKnownFileType = sourcecode.c.objc; path = WhereBeUsAppDelegate.m; sourceTree = "<group>"; };
		1D6058910D05DD3D006BFB54 /* WhereBeUs.app */ = {isa = PBXFileReference; explicitFileType = wrapper.application; includeInIndex = 0; path = WhereBeUs.app; sourceTree = BUILT_PRODUCTS_DIR; };
		1DF5F4DF0D08C38300B7A737 /* UIKit.framework */ = {isa = PBXFileReference; lastKnownFileType = wrapper.framework; name = UIKit.framework; path = System/Library/Frameworks/UIKit.framework; sourceTree = SDKROOT; };
		2892E40F0DC94CBA00A64D0F /* CoreGraphics.framework */ = {isa = PBXFileReference; lastKnownFileType = wrapper.framework; name = CoreGraphics.framework; path = System/Library/Frameworks/CoreGraphics.framework; sourceTree = SDKROOT; };
		28A0AAE50D9B0CCF005BE974 /* WhereBeUs_Prefix.pch */ = {isa = PBXFileReference; fileEncoding = 4; lastKnownFileType = sourcecode.c.h; path = WhereBeUs_Prefix.pch; sourceTree = "<group>"; };
		28AD735F0D9D9599002E5188 /* MainWindow.xib */ = {isa = PBXFileReference; lastKnownFileType = file.xib; path = MainWindow.xib; sourceTree = "<group>"; };
		29B97316FDCFA39411CA2CEA /* main.m */ = {isa = PBXFileReference; fileEncoding = 4; lastKnownFileType = sourcecode.c.objc; path = main.m; sourceTree = "<group>"; };
		550721D9109B98BC0025B4FA /* WhereBeUsState.h */ = {isa = PBXFileReference; fileEncoding = 4; lastKnownFileType = sourcecode.c.h; path = WhereBeUsState.h; sourceTree = "<group>"; };
		550721DA109B98BC0025B4FA /* WhereBeUsState.m */ = {isa = PBXFileReference; fileEncoding = 4; lastKnownFileType = sourcecode.c.objc; path = WhereBeUsState.m; sourceTree = "<group>"; };
		550E942F109EAE0E0012CA01 /* UpdateAnnotation.h */ = {isa = PBXFileReference; fileEncoding = 4; lastKnownFileType = sourcecode.c.h; path = UpdateAnnotation.h; sourceTree = "<group>"; };
		550E9430109EAE0E0012CA01 /* UpdateAnnotation.m */ = {isa = PBXFileReference; fileEncoding = 4; lastKnownFileType = sourcecode.c.objc; path = UpdateAnnotation.m; sourceTree = "<group>"; };
		550E962F10A22E360012CA01 /* NSDictionary+CleanObject.h */ = {isa = PBXFileReference; fileEncoding = 4; lastKnownFileType = sourcecode.c.h; path = "NSDictionary+CleanObject.h"; sourceTree = "<group>"; };
		550E963010A22E360012CA01 /* NSDictionary+CleanObject.m */ = {isa = PBXFileReference; fileEncoding = 4; lastKnownFileType = sourcecode.c.objc; path = "NSDictionary+CleanObject.m"; sourceTree = "<group>"; };
		5523366E10AA3B0300CEBB6B /* map-marker-white.png */ = {isa = PBXFileReference; lastKnownFileType = image.png; name = "map-marker-white.png"; path = "images/map-marker-white.png"; sourceTree = "<group>"; };
		5553976110C350FC00126892 /* LoginViewController.xib */ = {isa = PBXFileReference; lastKnownFileType = file.xib; path = LoginViewController.xib; sourceTree = "<group>"; };
		5553976410C3518400126892 /* big-facebook.png */ = {isa = PBXFileReference; lastKnownFileType = image.png; name = "big-facebook.png"; path = "images/big-facebook.png"; sourceTree = "<group>"; };
		5553976510C3518400126892 /* big-twitter.png */ = {isa = PBXFileReference; lastKnownFileType = image.png; name = "big-twitter.png"; path = "images/big-twitter.png"; sourceTree = "<group>"; };
		5553976910C3561900126892 /* LoginViewController.h */ = {isa = PBXFileReference; fileEncoding = 4; lastKnownFileType = sourcecode.c.h; path = LoginViewController.h; sourceTree = "<group>"; };
		5553976A10C3561900126892 /* LoginViewController.m */ = {isa = PBXFileReference; fileEncoding = 4; lastKnownFileType = sourcecode.c.objc; path = LoginViewController.m; sourceTree = "<group>"; };
		5553981710C36E1C00126892 /* LoginButtonView.h */ = {isa = PBXFileReference; fileEncoding = 4; lastKnownFileType = sourcecode.c.h; path = LoginButtonView.h; sourceTree = "<group>"; };
		5553981810C36E1C00126892 /* LoginButtonView.m */ = {isa = PBXFileReference; fileEncoding = 4; lastKnownFileType = sourcecode.c.objc; path = LoginButtonView.m; sourceTree = "<group>"; };
		557191781098F5980059E40F /* MapViewController.xib */ = {isa = PBXFileReference; lastKnownFileType = file.xib; path = MapViewController.xib; sourceTree = "<group>"; };
		5571917B1098F5B60059E40F /* MapViewController.h */ = {isa = PBXFileReference; fileEncoding = 4; lastKnownFileType = sourcecode.c.h; path = MapViewController.h; sourceTree = "<group>"; };
		5571917C1098F5B60059E40F /* MapViewController.m */ = {isa = PBXFileReference; fileEncoding = 4; lastKnownFileType = sourcecode.c.objc; path = MapViewController.m; sourceTree = "<group>"; };
		557191CB109913490059E40F /* CoreLocation.framework */ = {isa = PBXFileReference; lastKnownFileType = wrapper.framework; name = CoreLocation.framework; path = /System/Library/Frameworks/CoreLocation.framework; sourceTree = "<absolute>"; };
		557191ED1099137C0059E40F /* MapKit.framework */ = {isa = PBXFileReference; lastKnownFileType = wrapper.framework; name = MapKit.framework; path = System/Library/Frameworks/MapKit.framework; sourceTree = SDKROOT; };
		557192ED109A4EAC0059E40F /* WhereBeUsWindow.h */ = {isa = PBXFileReference; fileEncoding = 4; lastKnownFileType = sourcecode.c.h; path = WhereBeUsWindow.h; sourceTree = "<group>"; };
		557192EE109A4EAC0059E40F /* WhereBeUsWindow.m */ = {isa = PBXFileReference; fileEncoding = 4; lastKnownFileType = sourcecode.c.objc; path = WhereBeUsWindow.m; sourceTree = "<group>"; };
		558DDCD210AA4AE400C27E66 /* bird-noselect-full.png */ = {isa = PBXFileReference; lastKnownFileType = image.png; name = "bird-noselect-full.png"; path = "images/bird-noselect-full.png"; sourceTree = "<group>"; };
		558DDCD310AA4AE400C27E66 /* bird-selected-full.png */ = {isa = PBXFileReference; lastKnownFileType = image.png; name = "bird-selected-full.png"; path = "images/bird-selected-full.png"; sourceTree = "<group>"; };
		559A0B6510A3621E005921E7 /* bubble.png */ = {isa = PBXFileReference; lastKnownFileType = image.png; name = bubble.png; path = images/bubble.png; sourceTree = "<group>"; };
		559A0B6610A3621E005921E7 /* default37.png */ = {isa = PBXFileReference; lastKnownFileType = image.png; name = default37.png; path = images/default37.png; sourceTree = "<group>"; };
		559A0B6910A3624D005921E7 /* UpdateAnnotationView.h */ = {isa = PBXFileReference; fileEncoding = 4; lastKnownFileType = sourcecode.c.h; path = UpdateAnnotationView.h; sourceTree = "<group>"; };
		559A0B6A10A3624D005921E7 /* UpdateAnnotationView.m */ = {isa = PBXFileReference; fileEncoding = 4; lastKnownFileType = sourcecode.c.objc; path = UpdateAnnotationView.m; sourceTree = "<group>"; };
		559A0BD610A37B2F005921E7 /* AsyncImageCache.h */ = {isa = PBXFileReference; fileEncoding = 4; lastKnownFileType = sourcecode.c.h; path = AsyncImageCache.h; sourceTree = "<group>"; };
		559A0BD710A37B2F005921E7 /* AsyncImageCache.m */ = {isa = PBXFileReference; fileEncoding = 4; lastKnownFileType = sourcecode.c.objc; path = AsyncImageCache.m; sourceTree = "<group>"; };
		559A0CCD10A3A6C5005921E7 /* center.png */ = {isa = PBXFileReference; lastKnownFileType = image.png; name = center.png; path = images/center.png; sourceTree = "<group>"; };
		559A0CCE10A3A6C5005921E7 /* fill.png */ = {isa = PBXFileReference; lastKnownFileType = image.png; name = fill.png; path = images/fill.png; sourceTree = "<group>"; };
		559A0CCF10A3A6C5005921E7 /* left.png */ = {isa = PBXFileReference; lastKnownFileType = image.png; name = left.png; path = images/left.png; sourceTree = "<group>"; };
		559A0CD010A3A6C5005921E7 /* right.png */ = {isa = PBXFileReference; lastKnownFileType = image.png; name = right.png; path = images/right.png; sourceTree = "<group>"; };
		55A127C81097F42600B79AB5 /* TwitterCredentialsViewController.xib */ = {isa = PBXFileReference; lastKnownFileType = file.xib; path = TwitterCredentialsViewController.xib; sourceTree = "<group>"; };
		55A127CD1097F53200B79AB5 /* TwitterCredentialsViewController.h */ = {isa = PBXFileReference; fileEncoding = 4; lastKnownFileType = sourcecode.c.h; path = TwitterCredentialsViewController.h; sourceTree = "<group>"; };
		55A127CE1097F53200B79AB5 /* TwitterCredentialsViewController.m */ = {isa = PBXFileReference; fileEncoding = 4; lastKnownFileType = sourcecode.c.objc; path = TwitterCredentialsViewController.m; sourceTree = "<group>"; };
		55AC0F89109E841200101F7F /* NSString+URLEncode.h */ = {isa = PBXFileReference; fileEncoding = 4; lastKnownFileType = sourcecode.c.h; path = "NSString+URLEncode.h"; sourceTree = "<group>"; };
		55AC0F8A109E841200101F7F /* NSString+URLEncode.m */ = {isa = PBXFileReference; fileEncoding = 4; lastKnownFileType = sourcecode.c.objc; path = "NSString+URLEncode.m"; sourceTree = "<group>"; };
		55AC0FA6109E875F00101F7F /* NSString+PostData.h */ = {isa = PBXFileReference; fileEncoding = 4; lastKnownFileType = sourcecode.c.h; path = "NSString+PostData.h"; sourceTree = "<group>"; };
		55AC0FA7109E875F00101F7F /* NSString+PostData.m */ = {isa = PBXFileReference; fileEncoding = 4; lastKnownFileType = sourcecode.c.objc; path = "NSString+PostData.m"; sourceTree = "<group>"; };
		55AC0FAD109E87DD00101F7F /* NSDictionary+PostData.h */ = {isa = PBXFileReference; fileEncoding = 4; lastKnownFileType = sourcecode.c.h; path = "NSDictionary+PostData.h"; sourceTree = "<group>"; };
		55AC0FAE109E87DD00101F7F /* NSDictionary+PostData.m */ = {isa = PBXFileReference; fileEncoding = 4; lastKnownFileType = sourcecode.c.objc; path = "NSDictionary+PostData.m"; sourceTree = "<group>"; };
		55AC0FEE109E8D4400101F7F /* TweetViewController.xib */ = {isa = PBXFileReference; lastKnownFileType = file.xib; path = TweetViewController.xib; sourceTree = "<group>"; };
		55AC0FF1109E8D7B00101F7F /* TweetViewController.h */ = {isa = PBXFileReference; fileEncoding = 4; lastKnownFileType = sourcecode.c.h; path = TweetViewController.h; sourceTree = "<group>"; };
		55AC0FF2109E8D7B00101F7F /* TweetViewController.m */ = {isa = PBXFileReference; fileEncoding = 4; lastKnownFileType = sourcecode.c.objc; path = TweetViewController.m; sourceTree = "<group>"; };
		55D1CC801098190500FD9606 /* NSData+Base64Encoding.h */ = {isa = PBXFileReference; fileEncoding = 4; lastKnownFileType = sourcecode.c.h; path = "NSData+Base64Encoding.h"; sourceTree = "<group>"; };
		55D1CC811098190500FD9606 /* NSData+Base64Encoding.m */ = {isa = PBXFileReference; fileEncoding = 4; lastKnownFileType = sourcecode.c.objc; path = "NSData+Base64Encoding.m"; sourceTree = "<group>"; };
		55D1CC8310981A6F00FD9606 /* ConnectionHelper.h */ = {isa = PBXFileReference; fileEncoding = 4; lastKnownFileType = sourcecode.c.h; path = ConnectionHelper.h; sourceTree = "<group>"; };
		55D1CC8410981A6F00FD9606 /* ConnectionHelper.m */ = {isa = PBXFileReference; fileEncoding = 4; lastKnownFileType = sourcecode.c.objc; path = ConnectionHelper.m; sourceTree = "<group>"; };
		55D1CCC71098211A00FD9606 /* Utilities.h */ = {isa = PBXFileReference; fileEncoding = 4; lastKnownFileType = sourcecode.c.h; path = Utilities.h; sourceTree = "<group>"; };
		55D1CCC81098211A00FD9606 /* Utilities.m */ = {isa = PBXFileReference; fileEncoding = 4; lastKnownFileType = sourcecode.c.objc; path = Utilities.m; sourceTree = "<group>"; };
		55D919A41098046F008CB1BF /* JsonConnection.h */ = {isa = PBXFileReference; fileEncoding = 4; lastKnownFileType = sourcecode.c.h; path = JsonConnection.h; sourceTree = "<group>"; };
		55D919A51098046F008CB1BF /* JsonConnection.m */ = {isa = PBXFileReference; fileEncoding = 4; lastKnownFileType = sourcecode.c.objc; path = JsonConnection.m; sourceTree = "<group>"; };
		55D919A61098046F008CB1BF /* JsonResponse.h */ = {isa = PBXFileReference; fileEncoding = 4; lastKnownFileType = sourcecode.c.h; path = JsonResponse.h; sourceTree = "<group>"; };
		55D919A71098046F008CB1BF /* JsonResponse.m */ = {isa = PBXFileReference; fileEncoding = 4; lastKnownFileType = sourcecode.c.objc; path = JsonResponse.m; sourceTree = "<group>"; };
		55D919D0109804C7008CB1BF /* JSON.h */ = {isa = PBXFileReference; fileEncoding = 4; lastKnownFileType = sourcecode.c.h; name = JSON.h; path = JSON/JSON.h; sourceTree = "<group>"; };
		55D919D1109804C7008CB1BF /* NSObject+SBJSON.h */ = {isa = PBXFileReference; fileEncoding = 4; lastKnownFileType = sourcecode.c.h; name = "NSObject+SBJSON.h"; path = "JSON/NSObject+SBJSON.h"; sourceTree = "<group>"; };
		55D919D2109804C7008CB1BF /* NSObject+SBJSON.m */ = {isa = PBXFileReference; fileEncoding = 4; lastKnownFileType = sourcecode.c.objc; name = "NSObject+SBJSON.m"; path = "JSON/NSObject+SBJSON.m"; sourceTree = "<group>"; };
		55D919D3109804C7008CB1BF /* NSString+SBJSON.h */ = {isa = PBXFileReference; fileEncoding = 4; lastKnownFileType = sourcecode.c.h; name = "NSString+SBJSON.h"; path = "JSON/NSString+SBJSON.h"; sourceTree = "<group>"; };
		55D919D4109804C7008CB1BF /* NSString+SBJSON.m */ = {isa = PBXFileReference; fileEncoding = 4; lastKnownFileType = sourcecode.c.objc; name = "NSString+SBJSON.m"; path = "JSON/NSString+SBJSON.m"; sourceTree = "<group>"; };
		55D919D5109804C7008CB1BF /* SBJSON.h */ = {isa = PBXFileReference; fileEncoding = 4; lastKnownFileType = sourcecode.c.h; name = SBJSON.h; path = JSON/SBJSON.h; sourceTree = "<group>"; };
		55D919D6109804C7008CB1BF /* SBJSON.m */ = {isa = PBXFileReference; fileEncoding = 4; lastKnownFileType = sourcecode.c.objc; name = SBJSON.m; path = JSON/SBJSON.m; sourceTree = "<group>"; };
		55D919D7109804C7008CB1BF /* SBJsonBase.h */ = {isa = PBXFileReference; fileEncoding = 4; lastKnownFileType = sourcecode.c.h; name = SBJsonBase.h; path = JSON/SBJsonBase.h; sourceTree = "<group>"; };
		55D919D8109804C7008CB1BF /* SBJsonBase.m */ = {isa = PBXFileReference; fileEncoding = 4; lastKnownFileType = sourcecode.c.objc; name = SBJsonBase.m; path = JSON/SBJsonBase.m; sourceTree = "<group>"; };
		55D919D9109804C7008CB1BF /* SBJsonParser.h */ = {isa = PBXFileReference; fileEncoding = 4; lastKnownFileType = sourcecode.c.h; name = SBJsonParser.h; path = JSON/SBJsonParser.h; sourceTree = "<group>"; };
		55D919DA109804C7008CB1BF /* SBJsonParser.m */ = {isa = PBXFileReference; fileEncoding = 4; lastKnownFileType = sourcecode.c.objc; name = SBJsonParser.m; path = JSON/SBJsonParser.m; sourceTree = "<group>"; };
		55D919DB109804C7008CB1BF /* SBJsonWriter.h */ = {isa = PBXFileReference; fileEncoding = 4; lastKnownFileType = sourcecode.c.h; name = SBJsonWriter.h; path = JSON/SBJsonWriter.h; sourceTree = "<group>"; };
		55D919DC109804C7008CB1BF /* SBJsonWriter.m */ = {isa = PBXFileReference; fileEncoding = 4; lastKnownFileType = sourcecode.c.objc; name = SBJsonWriter.m; path = JSON/SBJsonWriter.m; sourceTree = "<group>"; };
		55E77E9F10C3803E00F49D91 /* FBConnect.bundle */ = {isa = PBXFileReference; lastKnownFileType = "wrapper.plug-in"; name = FBConnect.bundle; path = FBConnect/FBConnect.bundle; sourceTree = "<group>"; };
		55E77EA010C3803E00F49D91 /* FBConnect.h */ = {isa = PBXFileReference; fileEncoding = 4; lastKnownFileType = sourcecode.c.h; name = FBConnect.h; path = FBConnect/FBConnect.h; sourceTree = "<group>"; };
		55E77EA110C3803E00F49D91 /* FBConnectGlobal.h */ = {isa = PBXFileReference; fileEncoding = 4; lastKnownFileType = sourcecode.c.h; name = FBConnectGlobal.h; path = FBConnect/FBConnectGlobal.h; sourceTree = "<group>"; };
		55E77EA210C3803E00F49D91 /* FBConnectGlobal.m */ = {isa = PBXFileReference; fileEncoding = 4; lastKnownFileType = sourcecode.c.objc; name = FBConnectGlobal.m; path = FBConnect/FBConnectGlobal.m; sourceTree = "<group>"; };
		55E77EA310C3803E00F49D91 /* FBDialog.h */ = {isa = PBXFileReference; fileEncoding = 4; lastKnownFileType = sourcecode.c.h; name = FBDialog.h; path = FBConnect/FBDialog.h; sourceTree = "<group>"; };
		55E77EA410C3803E00F49D91 /* FBDialog.m */ = {isa = PBXFileReference; fileEncoding = 4; lastKnownFileType = sourcecode.c.objc; name = FBDialog.m; path = FBConnect/FBDialog.m; sourceTree = "<group>"; };
		55E77EA510C3803E00F49D91 /* FBFeedDialog.h */ = {isa = PBXFileReference; fileEncoding = 4; lastKnownFileType = sourcecode.c.h; name = FBFeedDialog.h; path = FBConnect/FBFeedDialog.h; sourceTree = "<group>"; };
		55E77EA610C3803E00F49D91 /* FBFeedDialog.m */ = {isa = PBXFileReference; fileEncoding = 4; lastKnownFileType = sourcecode.c.objc; name = FBFeedDialog.m; path = FBConnect/FBFeedDialog.m; sourceTree = "<group>"; };
		55E77EA710C3803E00F49D91 /* FBLoginButton.h */ = {isa = PBXFileReference; fileEncoding = 4; lastKnownFileType = sourcecode.c.h; name = FBLoginButton.h; path = FBConnect/FBLoginButton.h; sourceTree = "<group>"; };
		55E77EA810C3803E00F49D91 /* FBLoginButton.m */ = {isa = PBXFileReference; fileEncoding = 4; lastKnownFileType = sourcecode.c.objc; name = FBLoginButton.m; path = FBConnect/FBLoginButton.m; sourceTree = "<group>"; };
		55E77EA910C3803E00F49D91 /* FBLoginDialog.h */ = {isa = PBXFileReference; fileEncoding = 4; lastKnownFileType = sourcecode.c.h; name = FBLoginDialog.h; path = FBConnect/FBLoginDialog.h; sourceTree = "<group>"; };
		55E77EAA10C3803E00F49D91 /* FBLoginDialog.m */ = {isa = PBXFileReference; fileEncoding = 4; lastKnownFileType = sourcecode.c.objc; name = FBLoginDialog.m; path = FBConnect/FBLoginDialog.m; sourceTree = "<group>"; };
		55E77EAB10C3803E00F49D91 /* FBPermissionDialog.h */ = {isa = PBXFileReference; fileEncoding = 4; lastKnownFileType = sourcecode.c.h; name = FBPermissionDialog.h; path = FBConnect/FBPermissionDialog.h; sourceTree = "<group>"; };
		55E77EAC10C3803E00F49D91 /* FBPermissionDialog.m */ = {isa = PBXFileReference; fileEncoding = 4; lastKnownFileType = sourcecode.c.objc; name = FBPermissionDialog.m; path = FBConnect/FBPermissionDialog.m; sourceTree = "<group>"; };
		55E77EAD10C3803E00F49D91 /* FBRequest.h */ = {isa = PBXFileReference; fileEncoding = 4; lastKnownFileType = sourcecode.c.h; name = FBRequest.h; path = FBConnect/FBRequest.h; sourceTree = "<group>"; };
		55E77EAE10C3803E00F49D91 /* FBRequest.m */ = {isa = PBXFileReference; fileEncoding = 4; lastKnownFileType = sourcecode.c.objc; name = FBRequest.m; path = FBConnect/FBRequest.m; sourceTree = "<group>"; };
		55E77EAF10C3803E00F49D91 /* FBSession.h */ = {isa = PBXFileReference; fileEncoding = 4; lastKnownFileType = sourcecode.c.h; name = FBSession.h; path = FBConnect/FBSession.h; sourceTree = "<group>"; };
		55E77EB010C3803E00F49D91 /* FBSession.m */ = {isa = PBXFileReference; fileEncoding = 4; lastKnownFileType = sourcecode.c.objc; name = FBSession.m; path = FBConnect/FBSession.m; sourceTree = "<group>"; };
		55E77EB110C3803E00F49D91 /* FBStreamDialog.h */ = {isa = PBXFileReference; fileEncoding = 4; lastKnownFileType = sourcecode.c.h; name = FBStreamDialog.h; path = FBConnect/FBStreamDialog.h; sourceTree = "<group>"; };
		55E77EB210C3803E00F49D91 /* FBStreamDialog.m */ = {isa = PBXFileReference; fileEncoding = 4; lastKnownFileType = sourcecode.c.objc; name = FBStreamDialog.m; path = FBConnect/FBStreamDialog.m; sourceTree = "<group>"; };
		55E77EB310C3803E00F49D91 /* FBXMLHandler.h */ = {isa = PBXFileReference; fileEncoding = 4; lastKnownFileType = sourcecode.c.h; name = FBXMLHandler.h; path = FBConnect/FBXMLHandler.h; sourceTree = "<group>"; };
		55E77EB410C3803E00F49D91 /* FBXMLHandler.m */ = {isa = PBXFileReference; fileEncoding = 4; lastKnownFileType = sourcecode.c.objc; name = FBXMLHandler.m; path = FBConnect/FBXMLHandler.m; sourceTree = "<group>"; };
		8D1107310486CEB800E47090 /* WhereBeUs-Info.plist */ = {isa = PBXFileReference; fileEncoding = 4; lastKnownFileType = text.plist.xml; path = "WhereBeUs-Info.plist"; plistStructureDefinitionIdentifier = "com.apple.xcode.plist.structure-definition.iphone.info-plist"; sourceTree = "<group>"; };
/* End PBXFileReference section */

/* Begin PBXFrameworksBuildPhase section */
		1D60588F0D05DD3D006BFB54 /* Frameworks */ = {
			isa = PBXFrameworksBuildPhase;
			buildActionMask = 2147483647;
			files = (
				1D60589F0D05DD5A006BFB54 /* Foundation.framework in Frameworks */,
				1DF5F4E00D08C38300B7A737 /* UIKit.framework in Frameworks */,
				2892E4100DC94CBA00A64D0F /* CoreGraphics.framework in Frameworks */,
				557191CC109913490059E40F /* CoreLocation.framework in Frameworks */,
				557191EE1099137C0059E40F /* MapKit.framework in Frameworks */,
			);
			runOnlyForDeploymentPostprocessing = 0;
		};
/* End PBXFrameworksBuildPhase section */

/* Begin PBXGroup section */
		080E96DDFE201D6D7F000001 /* Classes */ = {
			isa = PBXGroup;
			children = (
				552D798A10C37FB6007A6661 /* FBConnect */,
				55D919CF109804BC008CB1BF /* JSON */,
				55AC0FDF109E8CB400101F7F /* Utilities */,
				55AC0FE0109E8CC800101F7F /* Networking */,
				55AC0FE1109E8CDF00101F7F /* Interface */,
				550E942F109EAE0E0012CA01 /* UpdateAnnotation.h */,
				550E9430109EAE0E0012CA01 /* UpdateAnnotation.m */,
				1D3623240D0F684500981E51 /* WhereBeUsAppDelegate.h */,
				1D3623250D0F684500981E51 /* WhereBeUsAppDelegate.m */,
				550721D9109B98BC0025B4FA /* WhereBeUsState.h */,
				550721DA109B98BC0025B4FA /* WhereBeUsState.m */,
			);
			path = Classes;
			sourceTree = "<group>";
		};
		19C28FACFE9D520D11CA2CBB /* Products */ = {
			isa = PBXGroup;
			children = (
				1D6058910D05DD3D006BFB54 /* WhereBeUs.app */,
			);
			name = Products;
			sourceTree = "<group>";
		};
		29B97314FDCFA39411CA2CEA /* CustomTemplate */ = {
			isa = PBXGroup;
			children = (
				080E96DDFE201D6D7F000001 /* Classes */,
				29B97315FDCFA39411CA2CEA /* Other Sources */,
				29B97317FDCFA39411CA2CEA /* Resources */,
				29B97323FDCFA39411CA2CEA /* Frameworks */,
				19C28FACFE9D520D11CA2CBB /* Products */,
			);
			name = CustomTemplate;
			sourceTree = "<group>";
		};
		29B97315FDCFA39411CA2CEA /* Other Sources */ = {
			isa = PBXGroup;
			children = (
				28A0AAE50D9B0CCF005BE974 /* WhereBeUs_Prefix.pch */,
				29B97316FDCFA39411CA2CEA /* main.m */,
			);
			name = "Other Sources";
			sourceTree = "<group>";
		};
		29B97317FDCFA39411CA2CEA /* Resources */ = {
			isa = PBXGroup;
			children = (
				559A0B6410A3620F005921E7 /* Images */,
				28AD735F0D9D9599002E5188 /* MainWindow.xib */,
				8D1107310486CEB800E47090 /* WhereBeUs-Info.plist */,
				55A127C81097F42600B79AB5 /* TwitterCredentialsViewController.xib */,
				557191781098F5980059E40F /* MapViewController.xib */,
				55AC0FEE109E8D4400101F7F /* TweetViewController.xib */,
				5553976110C350FC00126892 /* LoginViewController.xib */,
			);
			name = Resources;
			sourceTree = "<group>";
		};
		29B97323FDCFA39411CA2CEA /* Frameworks */ = {
			isa = PBXGroup;
			children = (
				557191ED1099137C0059E40F /* MapKit.framework */,
				1DF5F4DF0D08C38300B7A737 /* UIKit.framework */,
				1D30AB110D05D00D00671497 /* Foundation.framework */,
				2892E40F0DC94CBA00A64D0F /* CoreGraphics.framework */,
				557191CB109913490059E40F /* CoreLocation.framework */,
			);
			name = Frameworks;
			sourceTree = "<group>";
		};
		552D798A10C37FB6007A6661 /* FBConnect */ = {
			isa = PBXGroup;
			children = (
				55E77E9F10C3803E00F49D91 /* FBConnect.bundle */,
				55E77EA010C3803E00F49D91 /* FBConnect.h */,
				55E77EA110C3803E00F49D91 /* FBConnectGlobal.h */,
				55E77EA210C3803E00F49D91 /* FBConnectGlobal.m */,
				55E77EA310C3803E00F49D91 /* FBDialog.h */,
				55E77EA410C3803E00F49D91 /* FBDialog.m */,
				55E77EA510C3803E00F49D91 /* FBFeedDialog.h */,
				55E77EA610C3803E00F49D91 /* FBFeedDialog.m */,
				55E77EA710C3803E00F49D91 /* FBLoginButton.h */,
				55E77EA810C3803E00F49D91 /* FBLoginButton.m */,
				55E77EA910C3803E00F49D91 /* FBLoginDialog.h */,
				55E77EAA10C3803E00F49D91 /* FBLoginDialog.m */,
				55E77EAB10C3803E00F49D91 /* FBPermissionDialog.h */,
				55E77EAC10C3803E00F49D91 /* FBPermissionDialog.m */,
				55E77EAD10C3803E00F49D91 /* FBRequest.h */,
				55E77EAE10C3803E00F49D91 /* FBRequest.m */,
				55E77EAF10C3803E00F49D91 /* FBSession.h */,
				55E77EB010C3803E00F49D91 /* FBSession.m */,
				55E77EB110C3803E00F49D91 /* FBStreamDialog.h */,
				55E77EB210C3803E00F49D91 /* FBStreamDialog.m */,
				55E77EB310C3803E00F49D91 /* FBXMLHandler.h */,
				55E77EB410C3803E00F49D91 /* FBXMLHandler.m */,
			);
			name = FBConnect;
			sourceTree = "<group>";
		};
		559A0B6410A3620F005921E7 /* Images */ = {
			isa = PBXGroup;
			children = (
				5553976410C3518400126892 /* big-facebook.png */,
				5553976510C3518400126892 /* big-twitter.png */,
				558DDCD210AA4AE400C27E66 /* bird-noselect-full.png */,
				558DDCD310AA4AE400C27E66 /* bird-selected-full.png */,
				5523366E10AA3B0300CEBB6B /* map-marker-white.png */,
				559A0CCD10A3A6C5005921E7 /* center.png */,
				559A0CCE10A3A6C5005921E7 /* fill.png */,
				559A0CCF10A3A6C5005921E7 /* left.png */,
				559A0CD010A3A6C5005921E7 /* right.png */,
				559A0B6510A3621E005921E7 /* bubble.png */,
				559A0B6610A3621E005921E7 /* default37.png */,
			);
			name = Images;
			sourceTree = "<group>";
		};
		55AC0FDF109E8CB400101F7F /* Utilities */ = {
			isa = PBXGroup;
			children = (
				55AC0F89109E841200101F7F /* NSString+URLEncode.h */,
				55AC0F8A109E841200101F7F /* NSString+URLEncode.m */,
				55AC0FA6109E875F00101F7F /* NSString+PostData.h */,
				55AC0FA7109E875F00101F7F /* NSString+PostData.m */,
				55AC0FAD109E87DD00101F7F /* NSDictionary+PostData.h */,
				55AC0FAE109E87DD00101F7F /* NSDictionary+PostData.m */,
				55D1CC801098190500FD9606 /* NSData+Base64Encoding.h */,
				55D1CC811098190500FD9606 /* NSData+Base64Encoding.m */,
				550E962F10A22E360012CA01 /* NSDictionary+CleanObject.h */,
				550E963010A22E360012CA01 /* NSDictionary+CleanObject.m */,
				55D1CCC71098211A00FD9606 /* Utilities.h */,
				55D1CCC81098211A00FD9606 /* Utilities.m */,
				557192ED109A4EAC0059E40F /* WhereBeUsWindow.h */,
				557192EE109A4EAC0059E40F /* WhereBeUsWindow.m */,
				559A0BD610A37B2F005921E7 /* AsyncImageCache.h */,
				559A0BD710A37B2F005921E7 /* AsyncImageCache.m */,
			);
			name = Utilities;
			sourceTree = "<group>";
		};
		55AC0FE0109E8CC800101F7F /* Networking */ = {
			isa = PBXGroup;
			children = (
				55D1CC8310981A6F00FD9606 /* ConnectionHelper.h */,
				55D1CC8410981A6F00FD9606 /* ConnectionHelper.m */,
				55D919A41098046F008CB1BF /* JsonConnection.h */,
				55D919A51098046F008CB1BF /* JsonConnection.m */,
				55D919A61098046F008CB1BF /* JsonResponse.h */,
				55D919A71098046F008CB1BF /* JsonResponse.m */,
			);
			name = Networking;
			sourceTree = "<group>";
		};
		55AC0FE1109E8CDF00101F7F /* Interface */ = {
			isa = PBXGroup;
			children = (
				55A127CD1097F53200B79AB5 /* TwitterCredentialsViewController.h */,
				55A127CE1097F53200B79AB5 /* TwitterCredentialsViewController.m */,
				5571917B1098F5B60059E40F /* MapViewController.h */,
				5571917C1098F5B60059E40F /* MapViewController.m */,
				55AC0FF1109E8D7B00101F7F /* TweetViewController.h */,
				55AC0FF2109E8D7B00101F7F /* TweetViewController.m */,
				559A0B6910A3624D005921E7 /* UpdateAnnotationView.h */,
				559A0B6A10A3624D005921E7 /* UpdateAnnotationView.m */,
				5553976910C3561900126892 /* LoginViewController.h */,
				5553976A10C3561900126892 /* LoginViewController.m */,
				5553981710C36E1C00126892 /* LoginButtonView.h */,
				5553981810C36E1C00126892 /* LoginButtonView.m */,
			);
			name = Interface;
			sourceTree = "<group>";
		};
		55D919CF109804BC008CB1BF /* JSON */ = {
			isa = PBXGroup;
			children = (
				55D919D0109804C7008CB1BF /* JSON.h */,
				55D919D1109804C7008CB1BF /* NSObject+SBJSON.h */,
				55D919D2109804C7008CB1BF /* NSObject+SBJSON.m */,
				55D919D3109804C7008CB1BF /* NSString+SBJSON.h */,
				55D919D4109804C7008CB1BF /* NSString+SBJSON.m */,
				55D919D5109804C7008CB1BF /* SBJSON.h */,
				55D919D6109804C7008CB1BF /* SBJSON.m */,
				55D919D7109804C7008CB1BF /* SBJsonBase.h */,
				55D919D8109804C7008CB1BF /* SBJsonBase.m */,
				55D919D9109804C7008CB1BF /* SBJsonParser.h */,
				55D919DA109804C7008CB1BF /* SBJsonParser.m */,
				55D919DB109804C7008CB1BF /* SBJsonWriter.h */,
				55D919DC109804C7008CB1BF /* SBJsonWriter.m */,
			);
			name = JSON;
			sourceTree = "<group>";
		};
/* End PBXGroup section */

/* Begin PBXNativeTarget section */
		1D6058900D05DD3D006BFB54 /* WhereBeUs */ = {
			isa = PBXNativeTarget;
			buildConfigurationList = 1D6058960D05DD3E006BFB54 /* Build configuration list for PBXNativeTarget "WhereBeUs" */;
			buildPhases = (
				1D60588D0D05DD3D006BFB54 /* Resources */,
				1D60588E0D05DD3D006BFB54 /* Sources */,
				1D60588F0D05DD3D006BFB54 /* Frameworks */,
			);
			buildRules = (
			);
			dependencies = (
			);
			name = WhereBeUs;
			productName = WhereBeUs;
			productReference = 1D6058910D05DD3D006BFB54 /* WhereBeUs.app */;
			productType = "com.apple.product-type.application";
		};
/* End PBXNativeTarget section */

/* Begin PBXProject section */
		29B97313FDCFA39411CA2CEA /* Project object */ = {
			isa = PBXProject;
			buildConfigurationList = C01FCF4E08A954540054247B /* Build configuration list for PBXProject "WhereBeUs" */;
			compatibilityVersion = "Xcode 3.1";
			hasScannedForEncodings = 1;
			knownRegions = (
				English,
				Japanese,
				French,
				German,
				en,
			);
			mainGroup = 29B97314FDCFA39411CA2CEA /* CustomTemplate */;
			projectDirPath = "";
			projectRoot = "";
			targets = (
				1D6058900D05DD3D006BFB54 /* WhereBeUs */,
			);
		};
/* End PBXProject section */

/* Begin PBXResourcesBuildPhase section */
		1D60588D0D05DD3D006BFB54 /* Resources */ = {
			isa = PBXResourcesBuildPhase;
			buildActionMask = 2147483647;
			files = (
				28AD73600D9D9599002E5188 /* MainWindow.xib in Resources */,
				55A127C91097F42600B79AB5 /* TwitterCredentialsViewController.xib in Resources */,
				557191791098F5980059E40F /* MapViewController.xib in Resources */,
				55AC0FEF109E8D4400101F7F /* TweetViewController.xib in Resources */,
				559A0B6710A3621E005921E7 /* bubble.png in Resources */,
				559A0B6810A3621E005921E7 /* default37.png in Resources */,
				559A0CD110A3A6C5005921E7 /* center.png in Resources */,
				559A0CD210A3A6C5005921E7 /* fill.png in Resources */,
				559A0CD310A3A6C5005921E7 /* left.png in Resources */,
				559A0CD410A3A6C5005921E7 /* right.png in Resources */,
				5523366F10AA3B0300CEBB6B /* map-marker-white.png in Resources */,
				558DDCD410AA4AE400C27E66 /* bird-noselect-full.png in Resources */,
				558DDCD510AA4AE400C27E66 /* bird-selected-full.png in Resources */,
				5553976210C350FC00126892 /* LoginViewController.xib in Resources */,
				5553976610C3518400126892 /* big-facebook.png in Resources */,
				5553976710C3518400126892 /* big-twitter.png in Resources */,
				55E77EB510C3803E00F49D91 /* FBConnect.bundle in Resources */,
			);
			runOnlyForDeploymentPostprocessing = 0;
		};
/* End PBXResourcesBuildPhase section */

/* Begin PBXSourcesBuildPhase section */
		1D60588E0D05DD3D006BFB54 /* Sources */ = {
			isa = PBXSourcesBuildPhase;
			buildActionMask = 2147483647;
			files = (
				1D60589B0D05DD56006BFB54 /* main.m in Sources */,
				1D3623260D0F684500981E51 /* WhereBeUsAppDelegate.m in Sources */,
				55A127CF1097F53200B79AB5 /* TwitterCredentialsViewController.m in Sources */,
				55D919A81098046F008CB1BF /* JsonConnection.m in Sources */,
				55D919A91098046F008CB1BF /* JsonResponse.m in Sources */,
				55D919DD109804C7008CB1BF /* NSObject+SBJSON.m in Sources */,
				55D919DE109804C7008CB1BF /* NSString+SBJSON.m in Sources */,
				55D919DF109804C7008CB1BF /* SBJSON.m in Sources */,
				55D919E0109804C7008CB1BF /* SBJsonBase.m in Sources */,
				55D919E1109804C7008CB1BF /* SBJsonParser.m in Sources */,
				55D919E2109804C7008CB1BF /* SBJsonWriter.m in Sources */,
				55D1CC821098190500FD9606 /* NSData+Base64Encoding.m in Sources */,
				55D1CC8510981A6F00FD9606 /* ConnectionHelper.m in Sources */,
				55D1CCC91098211A00FD9606 /* Utilities.m in Sources */,
				5571917D1098F5B60059E40F /* MapViewController.m in Sources */,
				557192EF109A4EAC0059E40F /* WhereBeUsWindow.m in Sources */,
				550721DB109B98BC0025B4FA /* WhereBeUsState.m in Sources */,
				55AC0F8B109E841200101F7F /* NSString+URLEncode.m in Sources */,
				55AC0FA8109E875F00101F7F /* NSString+PostData.m in Sources */,
				55AC0FAF109E87DD00101F7F /* NSDictionary+PostData.m in Sources */,
				55AC0FF3109E8D7B00101F7F /* TweetViewController.m in Sources */,
				550E9431109EAE0E0012CA01 /* UpdateAnnotation.m in Sources */,
				550E963110A22E360012CA01 /* NSDictionary+CleanObject.m in Sources */,
				559A0B6B10A3624D005921E7 /* UpdateAnnotationView.m in Sources */,
				559A0BD810A37B2F005921E7 /* AsyncImageCache.m in Sources */,
				5553976B10C3561900126892 /* LoginViewController.m in Sources */,
				5553981910C36E1C00126892 /* LoginButtonView.m in Sources */,
				55E77EB610C3803E00F49D91 /* FBConnectGlobal.m in Sources */,
				55E77EB710C3803E00F49D91 /* FBDialog.m in Sources */,
				55E77EB810C3803E00F49D91 /* FBFeedDialog.m in Sources */,
				55E77EB910C3803E00F49D91 /* FBLoginButton.m in Sources */,
				55E77EBA10C3803E00F49D91 /* FBLoginDialog.m in Sources */,
				55E77EBB10C3803E00F49D91 /* FBPermissionDialog.m in Sources */,
				55E77EBC10C3803E00F49D91 /* FBRequest.m in Sources */,
				55E77EBD10C3803E00F49D91 /* FBSession.m in Sources */,
				55E77EBE10C3803E00F49D91 /* FBStreamDialog.m in Sources */,
				55E77EBF10C3803E00F49D91 /* FBXMLHandler.m in Sources */,
			);
			runOnlyForDeploymentPostprocessing = 0;
		};
/* End PBXSourcesBuildPhase section */

/* Begin XCBuildConfiguration section */
		1D6058940D05DD3E006BFB54 /* Debug */ = {
			isa = XCBuildConfiguration;
			buildSettings = {
				ALWAYS_SEARCH_USER_PATHS = NO;
				COPY_PHASE_STRIP = NO;
				GCC_DYNAMIC_NO_PIC = NO;
				GCC_OPTIMIZATION_LEVEL = 0;
				GCC_PRECOMPILE_PREFIX_HEADER = YES;
				GCC_PREFIX_HEADER = WhereBeUs_Prefix.pch;
				INFOPLIST_FILE = "WhereBeUs-Info.plist";
				PRODUCT_NAME = WhereBeUs;
			};
			name = Debug;
		};
		1D6058950D05DD3E006BFB54 /* Release */ = {
			isa = XCBuildConfiguration;
			buildSettings = {
				ALWAYS_SEARCH_USER_PATHS = NO;
				COPY_PHASE_STRIP = YES;
				GCC_PRECOMPILE_PREFIX_HEADER = YES;
				GCC_PREFIX_HEADER = WhereBeUs_Prefix.pch;
				INFOPLIST_FILE = "WhereBeUs-Info.plist";
				PRODUCT_NAME = WhereBeUs;
			};
			name = Release;
		};
		C01FCF4F08A954540054247B /* Debug */ = {
			isa = XCBuildConfiguration;
			buildSettings = {
				ARCHS = "$(ARCHS_STANDARD_32_BIT)";
				"CODE_SIGN_IDENTITY[sdk=iphoneos*]" = "iPhone Developer";
				GCC_C_LANGUAGE_STANDARD = c99;
				GCC_TREAT_WARNINGS_AS_ERRORS = YES;
				GCC_WARN_64_TO_32_BIT_CONVERSION = NO;
				GCC_WARN_ABOUT_RETURN_TYPE = YES;
				GCC_WARN_FOUR_CHARACTER_CONSTANTS = NO;
				GCC_WARN_INITIALIZER_NOT_FULLY_BRACKETED = NO;
				GCC_WARN_NON_VIRTUAL_DESTRUCTOR = YES;
				GCC_WARN_PEDANTIC = NO;
				GCC_WARN_SHADOW = NO;
				GCC_WARN_UNUSED_VARIABLE = YES;
				HEADER_SEARCH_PATHS = "./Classes/**";
				PREBINDING = NO;
				PRODUCT_NAME = WhereBeUs;
				SDKROOT = iphoneos3.0;
				WARNING_CFLAGS = "";
			};
			name = Debug;
		};
		C01FCF5008A954540054247B /* Release */ = {
			isa = XCBuildConfiguration;
			buildSettings = {
				ARCHS = "$(ARCHS_STANDARD_32_BIT)";
				"CODE_SIGN_IDENTITY[sdk=iphoneos*]" = "iPhone Developer";
				GCC_C_LANGUAGE_STANDARD = c99;
				GCC_TREAT_WARNINGS_AS_ERRORS = YES;
				GCC_WARN_64_TO_32_BIT_CONVERSION = NO;
				GCC_WARN_ABOUT_RETURN_TYPE = YES;
				GCC_WARN_FOUR_CHARACTER_CONSTANTS = NO;
				GCC_WARN_INITIALIZER_NOT_FULLY_BRACKETED = NO;
				GCC_WARN_NON_VIRTUAL_DESTRUCTOR = YES;
				GCC_WARN_PEDANTIC = NO;
				GCC_WARN_SHADOW = NO;
				GCC_WARN_UNUSED_VARIABLE = YES;
				HEADER_SEARCH_PATHS = "./Classes/**";
				PREBINDING = NO;
				SDKROOT = iphoneos3.0;
				WARNING_CFLAGS = "";
			};
			name = Release;
		};
/* End XCBuildConfiguration section */

/* Begin XCConfigurationList section */
		1D6058960D05DD3E006BFB54 /* Build configuration list for PBXNativeTarget "WhereBeUs" */ = {
			isa = XCConfigurationList;
			buildConfigurations = (
				1D6058940D05DD3E006BFB54 /* Debug */,
				1D6058950D05DD3E006BFB54 /* Release */,
			);
			defaultConfigurationIsVisible = 0;
			defaultConfigurationName = Release;
		};
		C01FCF4E08A954540054247B /* Build configuration list for PBXProject "WhereBeUs" */ = {
			isa = XCConfigurationList;
			buildConfigurations = (
				C01FCF4F08A954540054247B /* Debug */,
				C01FCF5008A954540054247B /* Release */,
			);
			defaultConfigurationIsVisible = 0;
			defaultConfigurationName = Release;
		};
/* End XCConfigurationList section */
	};
	rootObject = 29B97313FDCFA39411CA2CEA /* Project object */;
}
